# THIS IS AN AUTOGENERATED FILE. DO NOT EDIT THIS FILE DIRECTLY.
# yarn lockfile v1


"@actions/core@^1.2.6":
  version "1.2.7"
  resolved "https://registry.yarnpkg.com/@actions/core/-/core-1.2.7.tgz#594f8c45b213f0146e4be7eda8ae5cf4e198e5ab"
  integrity sha512-kzLFD5BgEvq6ubcxdgPbRKGD2Qrgya/5j+wh4LZzqT915I0V3rED+MvjH6NXghbvk1MXknpNNQ3uKjXSEN00Ig==

"@types/node@^12.12.47":
  version "12.20.12"
  resolved "https://registry.yarnpkg.com/@types/node/-/node-12.20.12.tgz#fd9c1c2cfab536a2383ed1ef70f94adea743a226"
  integrity sha512-KQZ1al2hKOONAs2MFv+yTQP1LkDWMrRJ9YCVRalXltOfXsBmH5IownLxQaiq0lnAHwAViLnh2aTYqrPcRGEbgg==
